<?xml version="1.0" encoding="UTF-8" standalone="yes" ?>
<CodeBlocks_project_file>
	<FileVersion major="1" minor="6" />
	<Project>
		<Option title="ppd" />
		<Option pch_mode="2" />
		<Option compiler="gcc" />
		<Build>
			<Target title="Debug">
				<Option platforms="Windows;Unix;" />
				<Option output="bin/ppd" prefix_auto="1" extension_auto="1" />
				<Option working_dir="./bin/" />
				<Option object_output="obj/Debug/" />
				<Option type="1" />
				<Option compiler="gcc" />
				<Compiler>
					<Add option="-w" />
					<Add option="-g" />
					<Add option="-DDEBUG" />
				</Compiler>
			</Target>
			<Target title="Release">
				<Option platforms="Windows;Unix;" />
				<Option output="bin/ppd" prefix_auto="1" extension_auto="1" />
				<Option working_dir="./bin/" />
				<Option object_output="obj/Release/" />
				<Option type="1" />
				<Option compiler="gcc" />
				<Compiler>
					<Add option="-O2" />
				</Compiler>
				<Linker>
					<Add option="-s" />
				</Linker>
			</Target>
		</Build>
		<Compiler>
			<Add option="-pedantic" />
			<Add option="-Wall" />
			<Add option="-fexceptions" />
			<Add option="-Wextra" />
		</Compiler>
		<Linker>
			<Add option="-lsfml-graphics" />
			<Add option="-lsfml-window" />
			<Add option="-lsfml-system" />
			<Add option="-lsfml-audio" />
			<Add option="-lsfml-network" />
		</Linker>
		<Unit filename="bin/config/config.css" />
		<Unit filename="bin/data/images/images.txt" />
		<Unit filename="bin/data/scripts/test.xml" />
		<Unit filename="bin/data/window/console.xml" />
		<Unit filename="bin/data/window/dialog.xml" />
		<Unit filename="bin/data/window/inventory.xml" />
		<Unit filename="bin/data/window/main_menu.xml" />
		<Unit filename="bin/data/window/option.xml" />
		<Unit filename="bin/data/window/pause.xml" />
		<Unit filename="bin/data/window/test.xml" />
		<Unit filename="src/core/Animated.cpp" />
		<Unit filename="src/core/Animated.hpp" />
		<Unit filename="src/core/Animation.cpp" />
		<Unit filename="src/core/Animation.hpp" />
		<Unit filename="src/core/Game.cpp" />
		<Unit filename="src/core/Game.hpp" />
		<Unit filename="src/core/GameCallback.cpp" />
		<Unit filename="src/core/InputController.cpp" />
		<Unit filename="src/core/InputController.hpp" />
		<Unit filename="src/core/Main.cpp" />
		<Unit filename="src/core/Script.cpp" />
		<Unit filename="src/core/Script.hpp" />
		<Unit filename="src/core/SoundSystem.cpp" />
		<Unit filename="src/core/SoundSystem.hpp" />
		<Unit filename="src/core/Tileset.cpp" />
		<Unit filename="src/core/Tileset.hpp" />
		<Unit filename="src/core/Zone.cpp" />
		<Unit filename="src/core/Zone.hpp" />
		<Unit filename="src/core/ZoneContainer.cpp" />
		<Unit filename="src/core/ZoneContainer.hpp" />
		<Unit filename="src/entities/Decor.cpp" />
		<Unit filename="src/entities/Decor.hpp" />
		<Unit filename="src/entities/Entity.cpp" />
		<Unit filename="src/entities/Entity.hpp" />
		<Unit filename="src/entities/EntityFactory.cpp" />
		<Unit filename="src/entities/EntityFactory.hpp" />
		<Unit filename="src/entities/Equipment.cpp" />
		<Unit filename="src/entities/Equipment.hpp" />
		<Unit filename="src/entities/Hit.cpp" />
		<Unit filename="src/entities/Hit.hpp" />
		<Unit filename="src/entities/Item.cpp" />
		<Unit filename="src/entities/Item.hpp" />
		<Unit filename="src/entities/Mob.cpp" />
		<Unit filename="src/entities/Mob.hpp" />
		<Unit filename="src/entities/Player.cpp" />
		<Unit filename="src/entities/Player.hpp" />
		<Unit filename="src/entities/PlayerHit.cpp" />
		<Unit filename="src/entities/PlayerHit.hpp" />
		<Unit filename="src/entities/Unit.cpp" />
		<Unit filename="src/entities/Unit.hpp" />
		<Unit filename="src/gui/ControlPanel.cpp" />
		<Unit filename="src/gui/ControlPanel.hpp" />
		<Unit filename="src/gui/Dialog.cpp" />
		<Unit filename="src/gui/Dialog.hpp" />
		<Unit filename="src/gui/MainMenu.cpp" />
		<Unit filename="src/gui/MainMenu.hpp" />
		<Unit filename="src/gui/MiniMap.cpp" />
		<Unit filename="src/gui/MiniMap.hpp" />
		<Unit filename="src/gui/MyWin.cpp" />
		<Unit filename="src/gui/MyWin.hpp" />
		<Unit filename="src/gui/Option.cpp" />
		<Unit filename="src/gui/Option.hpp" />
		<Unit filename="src/gui/Splash.cpp" />
		<Unit filename="src/gui/Splash.hpp" />
		<Unit filename="src/gui/WinInventory.cpp" />
		<Unit filename="src/gui/WinInventory.hpp" />
		<Unit filename="src/gui/WinPause.cpp" />
		<Unit filename="src/gui/WinPause.hpp" />
		<Unit filename="src/gui_system/Button.cpp" />
		<Unit filename="src/gui_system/Button.hpp" />
		<Unit filename="src/gui_system/Control.cpp" />
		<Unit filename="src/gui_system/Control.hpp" />
		<Unit filename="src/gui_system/Label.cpp" />
		<Unit filename="src/gui_system/Label.hpp" />
		<Unit filename="src/gui_system/ProgressBar.cpp" />
		<Unit filename="src/gui_system/ProgressBar.hpp" />
		<Unit filename="src/gui_system/TextBox.cpp" />
		<Unit filename="src/gui_system/TextBox.hpp" />
		<Unit filename="src/gui_system/Window.cpp" />
		<Unit filename="src/gui_system/Window.hpp" />
		<Unit filename="src/misc/BitmapFont.cpp" />
		<Unit filename="src/misc/BitmapFont.hpp" />
		<Unit filename="src/misc/BitmapString.cpp" />
		<Unit filename="src/misc/BitmapString.hpp" />
		<Unit filename="src/misc/ConfigParser.cpp" />
		<Unit filename="src/misc/ConfigParser.hpp" />
		<Unit filename="src/misc/Log.cpp" />
		<Unit filename="src/misc/Log.hpp" />
		<Unit filename="src/misc/LogConsole.cpp" />
		<Unit filename="src/misc/LogConsole.hpp" />
		<Unit filename="src/misc/LogDebug.cpp" />
		<Unit filename="src/misc/LogDebug.hpp" />
		<Unit filename="src/misc/MediaManager.cpp" />
		<Unit filename="src/misc/MediaManager.hpp" />
		<Unit filename="src/misc/Misc.cpp" />
		<Unit filename="src/misc/Misc.hpp" />
		<Unit filename="src/misc/Music.cpp" />
		<Unit filename="src/misc/Music.hpp" />
		<Unit filename="src/misc/type_definitions.hpp" />
		<Unit filename="src/xml/tinyxml.cpp" />
		<Unit filename="src/xml/tinyxml.h" />
		<Unit filename="src/xml/tinyxmlerror.cpp" />
		<Unit filename="src/xml/tinyxmlparser.cpp" />
		<Extensions>
			<code_completion />
			<debugger />
			<envvars />
		</Extensions>
	</Project>
</CodeBlocks_project_file>
