<?xml version="1.0" encoding="UTF-8" standalone="yes" ?>
<CodeBlocks_project_file>
	<FileVersion major="1" minor="6" />
	<Project>
		<Option title="ppd" />
		<Option pch_mode="2" />
		<Option compiler="gcc" />
		<Build>
			<Target title="Debug">
				<Option platforms="Windows;Unix;" />
				<Option output="bin\ppd" prefix_auto="1" extension_auto="1" />
				<Option working_dir=".\bin\" />
				<Option object_output="obj\Debug\" />
				<Option type="1" />
				<Option compiler="gcc" />
				<Compiler>
					<Add option="-w" />
					<Add option="-g" />
					<Add option="-DDEBUG" />
				</Compiler>
			</Target>
			<Target title="Release">
				<Option platforms="Windows;Unix;" />
				<Option output="bin\ppd" prefix_auto="1" extension_auto="1" />
				<Option working_dir=".\bin\" />
				<Option object_output="obj\Release\" />
				<Option type="1" />
				<Option compiler="gcc" />
				<Compiler>
					<Add option="-O2" />
				</Compiler>
				<Linker>
					<Add option="-s" />
				</Linker>
			</Target>
		</Build>
		<Compiler>
			<Add option="-pedantic" />
			<Add option="-Wall" />
			<Add option="-fexceptions" />
			<Add option="-Wextra" />
			<Add option="-DWINDOW_TEST" />
		</Compiler>
		<Linker>
			<Add option="-lsfml-graphics" />
			<Add option="-lsfml-window" />
			<Add option="-lsfml-system" />
			<Add option="-lsfml-audio" />
			<Add option="-lsfml-network" />
		</Linker>
		<Unit filename="src\core\Animated.cpp" />
		<Unit filename="src\core\Animated.hpp" />
		<Unit filename="src\core\Animation.cpp" />
		<Unit filename="src\core\Animation.hpp" />
		<Unit filename="src\core\Game.cpp" />
		<Unit filename="src\core\Game.hpp" />
		<Unit filename="src\core\Main.cpp" />
		<Unit filename="src\core\Tileset.cpp" />
		<Unit filename="src\core\Tileset.hpp" />
		<Unit filename="src\core\Zone.cpp" />
		<Unit filename="src\core\Zone.hpp" />
		<Unit filename="src\core\ZoneContainer.cpp" />
		<Unit filename="src\core\ZoneContainer.hpp" />
		<Unit filename="src\entities\Entity.cpp" />
		<Unit filename="src\entities\Entity.hpp" />
		<Unit filename="src\entities\EntityFactory.cpp" />
		<Unit filename="src\entities\EntityFactory.hpp" />
		<Unit filename="src\entities\Equipment.cpp" />
		<Unit filename="src\entities\Equipment.hpp" />
		<Unit filename="src\entities\Hit.cpp" />
		<Unit filename="src\entities\Hit.hpp" />
		<Unit filename="src\entities\Item.cpp" />
		<Unit filename="src\entities\Item.hpp" />
		<Unit filename="src\entities\Mob.cpp" />
		<Unit filename="src\entities\Mob.hpp" />
		<Unit filename="src\entities\Player.cpp" />
		<Unit filename="src\entities\Player.hpp" />
		<Unit filename="src\entities\PlayerHit.cpp" />
		<Unit filename="src\entities\PlayerHit.hpp" />
		<Unit filename="src\entities\StaticItem.cpp" />
		<Unit filename="src\entities\StaticItem.hpp" />
		<Unit filename="src\entities\Unit.cpp" />
		<Unit filename="src\entities\Unit.hpp" />
		<Unit filename="src\gui\ControlPanel.cpp" />
		<Unit filename="src\gui\ControlPanel.hpp" />
		<Unit filename="src\gui\Inventory.cpp" />
		<Unit filename="src\gui\Inventory.hpp" />
		<Unit filename="src\gui\MyWin.cpp" />
		<Unit filename="src\gui\MyWin.hpp" />
		<Unit filename="src\gui\Splash.cpp" />
		<Unit filename="src\gui\Splash.hpp" />
		<Unit filename="src\gui\WinInventory.cpp" />
		<Unit filename="src\gui\WinInventory.hpp" />
		<Unit filename="src\gui\WinPause.cpp" />
		<Unit filename="src\gui\WinPause.hpp" />
		<Unit filename="src\gui_system\Button.cpp" />
		<Unit filename="src\gui_system\Button.hpp" />
		<Unit filename="src\gui_system\Control.cpp" />
		<Unit filename="src\gui_system\Control.hpp" />
		<Unit filename="src\gui_system\Label.cpp" />
		<Unit filename="src\gui_system\Label.hpp" />
		<Unit filename="src\gui_system\ProgressBar.cpp" />
		<Unit filename="src\gui_system\ProgressBar.hpp" />
		<Unit filename="src\gui_system\TextBox.cpp" />
		<Unit filename="src\gui_system\TextBox.hpp" />
		<Unit filename="src\gui_system\Window.cpp" />
		<Unit filename="src\gui_system\Window.hpp" />
		<Unit filename="src\misc\BitmapFont.cpp" />
		<Unit filename="src\misc\BitmapFont.hpp" />
		<Unit filename="src\misc\BitmapString.cpp" />
		<Unit filename="src\misc\BitmapString.hpp" />
		<Unit filename="src\misc\ConfigParser.cpp" />
		<Unit filename="src\misc\ConfigParser.hpp" />
		<Unit filename="src\misc\MediaManager.cpp" />
		<Unit filename="src\misc\MediaManager.hpp" />
		<Unit filename="src\misc\Misc.cpp" />
		<Unit filename="src\misc\Misc.hpp" />
		<Unit filename="src\misc\Music.cpp" />
		<Unit filename="src\misc\Music.hpp" />
		<Unit filename="src\misc\type_definitions.hpp" />
		<Unit filename="src\xml\tinyxml.cpp" />
		<Unit filename="src\xml\tinyxml.h" />
		<Unit filename="src\xml\tinyxmlerror.cpp" />
		<Unit filename="src\xml\tinyxmlparser.cpp" />
		<Extensions>
			<code_completion />
			<debugger />
			<envvars />
		</Extensions>
	</Project>
</CodeBlocks_project_file>
